// !$*UTF8*$!
{
	archiveVersion = 1;
	classes = {
	};
	objectVersion = 46;
	objects = {

/* Begin PBXBuildFile section */
		201B9949196D30E40068FB3E /* GMap2ViewController.m in Sources */ = {isa = PBXBuildFile; fileRef = 201B9948196D30E40068FB3E /* GMap2ViewController.m */; };
		20204446197E79C800E32E1D /* data.xml in Resources */ = {isa = PBXBuildFile; fileRef = 20204445197E79C800E32E1D /* data.xml */; };
		20204449197E7A0400E32E1D /* Bank.m in Sources */ = {isa = PBXBuildFile; fileRef = 20204448197E7A0400E32E1D /* Bank.m */; };
		2060360C1921FF93002C1297 /* SVInheritParent.m in Sources */ = {isa = PBXBuildFile; fileRef = 2060360B1921FF93002C1297 /* SVInheritParent.m */; };
		2060360F19221330002C1297 /* SVInheritChild.m in Sources */ = {isa = PBXBuildFile; fileRef = 2060360E19221330002C1297 /* SVInheritChild.m */; };
		20902E64196BB4B700E7A31C /* MultipeerConnectivity.framework in Frameworks */ = {isa = PBXBuildFile; fileRef = 20902E63196BB4B700E7A31C /* MultipeerConnectivity.framework */; };
		20C7A7E018D182410025A470 /* Foundation.framework in Frameworks */ = {isa = PBXBuildFile; fileRef = 20C7A7DF18D182410025A470 /* Foundation.framework */; };
		20C7A7E218D182410025A470 /* CoreGraphics.framework in Frameworks */ = {isa = PBXBuildFile; fileRef = 20C7A7E118D182410025A470 /* CoreGraphics.framework */; };
		20C7A7E418D182410025A470 /* UIKit.framework in Frameworks */ = {isa = PBXBuildFile; fileRef = 20C7A7E318D182410025A470 /* UIKit.framework */; };
		20C7A7EA18D182410025A470 /* InfoPlist.strings in Resources */ = {isa = PBXBuildFile; fileRef = 20C7A7E818D182410025A470 /* InfoPlist.strings */; };
		20C7A7EC18D182410025A470 /* main.m in Sources */ = {isa = PBXBuildFile; fileRef = 20C7A7EB18D182410025A470 /* main.m */; };
		20C7A7F018D182410025A470 /* SVAppDelegate.m in Sources */ = {isa = PBXBuildFile; fileRef = 20C7A7EF18D182410025A470 /* SVAppDelegate.m */; };
		20C7A7F318D182410025A470 /* Main_iPhone.storyboard in Resources */ = {isa = PBXBuildFile; fileRef = 20C7A7F118D182410025A470 /* Main_iPhone.storyboard */; };
		20C7A7F618D182410025A470 /* Main_iPad.storyboard in Resources */ = {isa = PBXBuildFile; fileRef = 20C7A7F418D182410025A470 /* Main_iPad.storyboard */; };
		20C7A7F918D182410025A470 /* SVViewController.m in Sources */ = {isa = PBXBuildFile; fileRef = 20C7A7F818D182410025A470 /* SVViewController.m */; };
		20C7A7FB18D182410025A470 /* Images.xcassets in Resources */ = {isa = PBXBuildFile; fileRef = 20C7A7FA18D182410025A470 /* Images.xcassets */; };
		20C7A80218D182410025A470 /* XCTest.framework in Frameworks */ = {isa = PBXBuildFile; fileRef = 20C7A80118D182410025A470 /* XCTest.framework */; };
		20C7A80318D182410025A470 /* Foundation.framework in Frameworks */ = {isa = PBXBuildFile; fileRef = 20C7A7DF18D182410025A470 /* Foundation.framework */; };
		20C7A80418D182410025A470 /* UIKit.framework in Frameworks */ = {isa = PBXBuildFile; fileRef = 20C7A7E318D182410025A470 /* UIKit.framework */; };
		20C7A80C18D182410025A470 /* InfoPlist.strings in Resources */ = {isa = PBXBuildFile; fileRef = 20C7A80A18D182410025A470 /* InfoPlist.strings */; };
		20C7A80E18D182410025A470 /* sample_singleviewTests.m in Sources */ = {isa = PBXBuildFile; fileRef = 20C7A80D18D182410025A470 /* sample_singleviewTests.m */; };
		20C7A81C18D19C9B0025A470 /* Quartz2DView.m in Sources */ = {isa = PBXBuildFile; fileRef = 20C7A81B18D19C9B0025A470 /* Quartz2DView.m */; };
		20E08C48196A3CDC0039F9D1 /* MapKit.framework in Frameworks */ = {isa = PBXBuildFile; fileRef = 20E08C47196A3CDC0039F9D1 /* MapKit.framework */; };
		20E08C4B196A406C0039F9D1 /* SVMapViewController.m in Sources */ = {isa = PBXBuildFile; fileRef = 20E08C4A196A406C0039F9D1 /* SVMapViewController.m */; };
		20E08C4D196A431D0039F9D1 /* CoreLocation.framework in Frameworks */ = {isa = PBXBuildFile; fileRef = 20E08C4C196A431D0039F9D1 /* CoreLocation.framework */; };
		20E08C52196A89C60039F9D1 /* AVFoundation.framework in Frameworks */ = {isa = PBXBuildFile; fileRef = 20E08C51196A89C60039F9D1 /* AVFoundation.framework */; };
		20E08C54196A89D20039F9D1 /* CoreData.framework in Frameworks */ = {isa = PBXBuildFile; fileRef = 20E08C53196A89D20039F9D1 /* CoreData.framework */; };
		20E08C56196A89E40039F9D1 /* CoreText.framework in Frameworks */ = {isa = PBXBuildFile; fileRef = 20E08C55196A89E40039F9D1 /* CoreText.framework */; };
		20E08C58196A89EC0039F9D1 /* GLKit.framework in Frameworks */ = {isa = PBXBuildFile; fileRef = 20E08C57196A89EC0039F9D1 /* GLKit.framework */; };
		20E08C5A196A89F30039F9D1 /* ImageIO.framework in Frameworks */ = {isa = PBXBuildFile; fileRef = 20E08C59196A89F30039F9D1 /* ImageIO.framework */; };
		20E08C5C196A8A010039F9D1 /* libc++.dylib in Frameworks */ = {isa = PBXBuildFile; fileRef = 20E08C5B196A8A010039F9D1 /* libc++.dylib */; };
		20E08C5E196A8A0D0039F9D1 /* libicucore.dylib in Frameworks */ = {isa = PBXBuildFile; fileRef = 20E08C5D196A8A0D0039F9D1 /* libicucore.dylib */; };
		20E08C60196A8A140039F9D1 /* libz.dylib in Frameworks */ = {isa = PBXBuildFile; fileRef = 20E08C5F196A8A140039F9D1 /* libz.dylib */; };
		20E08C62196A8A1B0039F9D1 /* OpenGLES.framework in Frameworks */ = {isa = PBXBuildFile; fileRef = 20E08C61196A8A1B0039F9D1 /* OpenGLES.framework */; };
		20E08C64196A8A230039F9D1 /* QuartzCore.framework in Frameworks */ = {isa = PBXBuildFile; fileRef = 20E08C63196A8A230039F9D1 /* QuartzCore.framework */; };
		20E08C66196A8A2A0039F9D1 /* SystemConfiguration.framework in Frameworks */ = {isa = PBXBuildFile; fileRef = 20E08C65196A8A2A0039F9D1 /* SystemConfiguration.framework */; };
		20E08C68196A8C070039F9D1 /* GoogleMaps.framework in Frameworks */ = {isa = PBXBuildFile; fileRef = 20E08C67196A8C070039F9D1 /* GoogleMaps.framework */; };
		20E08C6A196A8C6A0039F9D1 /* GoogleMaps.bundle in Resources */ = {isa = PBXBuildFile; fileRef = 20E08C69196A8C6A0039F9D1 /* GoogleMaps.bundle */; };
		20E08C6D196A8E730039F9D1 /* GMapViewController.m in Sources */ = {isa = PBXBuildFile; fileRef = 20E08C6C196A8E730039F9D1 /* GMapViewController.m */; };
/* End PBXBuildFile section */

/* Begin PBXContainerItemProxy section */
		20C7A80518D182410025A470 /* PBXContainerItemProxy */ = {
			isa = PBXContainerItemProxy;
			containerPortal = 20C7A7D418D182410025A470 /* Project object */;
			proxyType = 1;
			remoteGlobalIDString = 20C7A7DB18D182410025A470;
			remoteInfo = sample_singleview;
		};
/* End PBXContainerItemProxy section */

/* Begin PBXFileReference section */
		201B9947196D30E40068FB3E /* GMap2ViewController.h */ = {isa = PBXFileReference; fileEncoding = 4; lastKnownFileType = sourcecode.c.h; path = GMap2ViewController.h; sourceTree = "<group>"; };
		201B9948196D30E40068FB3E /* GMap2ViewController.m */ = {isa = PBXFileReference; fileEncoding = 4; lastKnownFileType = sourcecode.c.objc; path = GMap2ViewController.m; sourceTree = "<group>"; };
		20204445197E79C800E32E1D /* data.xml */ = {isa = PBXFileReference; fileEncoding = 4; lastKnownFileType = text.xml; path = data.xml; sourceTree = "<group>"; };
		20204447197E7A0400E32E1D /* Bank.h */ = {isa = PBXFileReference; fileEncoding = 4; lastKnownFileType = sourcecode.c.h; path = Bank.h; sourceTree = "<group>"; };
		20204448197E7A0400E32E1D /* Bank.m */ = {isa = PBXFileReference; fileEncoding = 4; lastKnownFileType = sourcecode.c.objc; path = Bank.m; sourceTree = "<group>"; };
		2060360A1921FF93002C1297 /* SVInheritParent.h */ = {isa = PBXFileReference; fileEncoding = 4; lastKnownFileType = sourcecode.c.h; name = SVInheritParent.h; path = sample_singleview/SVInheritParent.h; sourceTree = "<group>"; };
		2060360B1921FF93002C1297 /* SVInheritParent.m */ = {isa = PBXFileReference; fileEncoding = 4; lastKnownFileType = sourcecode.c.objc; name = SVInheritParent.m; path = sample_singleview/SVInheritParent.m; sourceTree = "<group>"; };
		2060360D19221330002C1297 /* SVInheritChild.h */ = {isa = PBXFileReference; fileEncoding = 4; lastKnownFileType = sourcecode.c.h; name = SVInheritChild.h; path = sample_singleview/SVInheritChild.h; sourceTree = "<group>"; };
		2060360E19221330002C1297 /* SVInheritChild.m */ = {isa = PBXFileReference; fileEncoding = 4; lastKnownFileType = sourcecode.c.objc; name = SVInheritChild.m; path = sample_singleview/SVInheritChild.m; sourceTree = "<group>"; };
		20902E63196BB4B700E7A31C /* MultipeerConnectivity.framework */ = {isa = PBXFileReference; lastKnownFileType = wrapper.framework; name = MultipeerConnectivity.framework; path = System/Library/Frameworks/MultipeerConnectivity.framework; sourceTree = SDKROOT; };
		20C7A7DC18D182410025A470 /* sample_singleview.app */ = {isa = PBXFileReference; explicitFileType = wrapper.application; includeInIndex = 0; path = sample_singleview.app; sourceTree = BUILT_PRODUCTS_DIR; };
		20C7A7DF18D182410025A470 /* Foundation.framework */ = {isa = PBXFileReference; lastKnownFileType = wrapper.framework; name = Foundation.framework; path = System/Library/Frameworks/Foundation.framework; sourceTree = SDKROOT; };
		20C7A7E118D182410025A470 /* CoreGraphics.framework */ = {isa = PBXFileReference; lastKnownFileType = wrapper.framework; name = CoreGraphics.framework; path = System/Library/Frameworks/CoreGraphics.framework; sourceTree = SDKROOT; };
		20C7A7E318D182410025A470 /* UIKit.framework */ = {isa = PBXFileReference; lastKnownFileType = wrapper.framework; name = UIKit.framework; path = System/Library/Frameworks/UIKit.framework; sourceTree = SDKROOT; };
		20C7A7E718D182410025A470 /* sample_singleview-Info.plist */ = {isa = PBXFileReference; lastKnownFileType = text.plist.xml; path = "sample_singleview-Info.plist"; sourceTree = "<group>"; };
		20C7A7E918D182410025A470 /* en */ = {isa = PBXFileReference; lastKnownFileType = text.plist.strings; name = en; path = en.lproj/InfoPlist.strings; sourceTree = "<group>"; };
		20C7A7EB18D182410025A470 /* main.m */ = {isa = PBXFileReference; lastKnownFileType = sourcecode.c.objc; path = main.m; sourceTree = "<group>"; };
		20C7A7ED18D182410025A470 /* sample_singleview-Prefix.pch */ = {isa = PBXFileReference; lastKnownFileType = sourcecode.c.h; path = "sample_singleview-Prefix.pch"; sourceTree = "<group>"; };
		20C7A7EE18D182410025A470 /* SVAppDelegate.h */ = {isa = PBXFileReference; lastKnownFileType = sourcecode.c.h; path = SVAppDelegate.h; sourceTree = "<group>"; };
		20C7A7EF18D182410025A470 /* SVAppDelegate.m */ = {isa = PBXFileReference; lastKnownFileType = sourcecode.c.objc; path = SVAppDelegate.m; sourceTree = "<group>"; };
		20C7A7F218D182410025A470 /* Base */ = {isa = PBXFileReference; lastKnownFileType = file.storyboard; name = Base; path = Base.lproj/Main_iPhone.storyboard; sourceTree = "<group>"; };
		20C7A7F518D182410025A470 /* Base */ = {isa = PBXFileReference; lastKnownFileType = file.storyboard; name = Base; path = Base.lproj/Main_iPad.storyboard; sourceTree = "<group>"; };
		20C7A7F718D182410025A470 /* SVViewController.h */ = {isa = PBXFileReference; lastKnownFileType = sourcecode.c.h; path = SVViewController.h; sourceTree = "<group>"; };
		20C7A7F818D182410025A470 /* SVViewController.m */ = {isa = PBXFileReference; lastKnownFileType = sourcecode.c.objc; path = SVViewController.m; sourceTree = "<group>"; };
		20C7A7FA18D182410025A470 /* Images.xcassets */ = {isa = PBXFileReference; lastKnownFileType = folder.assetcatalog; path = Images.xcassets; sourceTree = "<group>"; };
		20C7A80018D182410025A470 /* sample_singleviewTests.xctest */ = {isa = PBXFileReference; explicitFileType = wrapper.cfbundle; includeInIndex = 0; path = sample_singleviewTests.xctest; sourceTree = BUILT_PRODUCTS_DIR; };
		20C7A80118D182410025A470 /* XCTest.framework */ = {isa = PBXFileReference; lastKnownFileType = wrapper.framework; name = XCTest.framework; path = Library/Frameworks/XCTest.framework; sourceTree = DEVELOPER_DIR; };
		20C7A80918D182410025A470 /* sample_singleviewTests-Info.plist */ = {isa = PBXFileReference; lastKnownFileType = text.plist.xml; path = "sample_singleviewTests-Info.plist"; sourceTree = "<group>"; };
		20C7A80B18D182410025A470 /* en */ = {isa = PBXFileReference; lastKnownFileType = text.plist.strings; name = en; path = en.lproj/InfoPlist.strings; sourceTree = "<group>"; };
		20C7A80D18D182410025A470 /* sample_singleviewTests.m */ = {isa = PBXFileReference; lastKnownFileType = sourcecode.c.objc; path = sample_singleviewTests.m; sourceTree = "<group>"; };
		20C7A81A18D19C9B0025A470 /* Quartz2DView.h */ = {isa = PBXFileReference; fileEncoding = 4; lastKnownFileType = sourcecode.c.h; path = Quartz2DView.h; sourceTree = "<group>"; };
		20C7A81B18D19C9B0025A470 /* Quartz2DView.m */ = {isa = PBXFileReference; fileEncoding = 4; lastKnownFileType = sourcecode.c.objc; path = Quartz2DView.m; sourceTree = "<group>"; };
		20E08C47196A3CDC0039F9D1 /* MapKit.framework */ = {isa = PBXFileReference; lastKnownFileType = wrapper.framework; name = MapKit.framework; path = System/Library/Frameworks/MapKit.framework; sourceTree = SDKROOT; };
		20E08C49196A406C0039F9D1 /* SVMapViewController.h */ = {isa = PBXFileReference; fileEncoding = 4; lastKnownFileType = sourcecode.c.h; path = SVMapViewController.h; sourceTree = "<group>"; };
		20E08C4A196A406C0039F9D1 /* SVMapViewController.m */ = {isa = PBXFileReference; fileEncoding = 4; lastKnownFileType = sourcecode.c.objc; path = SVMapViewController.m; sourceTree = "<group>"; };
		20E08C4C196A431D0039F9D1 /* CoreLocation.framework */ = {isa = PBXFileReference; lastKnownFileType = wrapper.framework; name = CoreLocation.framework; path = System/Library/Frameworks/CoreLocation.framework; sourceTree = SDKROOT; };
		20E08C4E196A88970039F9D1 /* GMapAPIKey.h */ = {isa = PBXFileReference; fileEncoding = 4; lastKnownFileType = sourcecode.c.h; name = GMapAPIKey.h; path = sample_singleview/GMapAPIKey.h; sourceTree = "<group>"; };
		20E08C51196A89C60039F9D1 /* AVFoundation.framework */ = {isa = PBXFileReference; lastKnownFileType = wrapper.framework; name = AVFoundation.framework; path = System/Library/Frameworks/AVFoundation.framework; sourceTree = SDKROOT; };
		20E08C53196A89D20039F9D1 /* CoreData.framework */ = {isa = PBXFileReference; lastKnownFileType = wrapper.framework; name = CoreData.framework; path = System/Library/Frameworks/CoreData.framework; sourceTree = SDKROOT; };
		20E08C55196A89E40039F9D1 /* CoreText.framework */ = {isa = PBXFileReference; lastKnownFileType = wrapper.framework; name = CoreText.framework; path = System/Library/Frameworks/CoreText.framework; sourceTree = SDKROOT; };
		20E08C57196A89EC0039F9D1 /* GLKit.framework */ = {isa = PBXFileReference; lastKnownFileType = wrapper.framework; name = GLKit.framework; path = System/Library/Frameworks/GLKit.framework; sourceTree = SDKROOT; };
		20E08C59196A89F30039F9D1 /* ImageIO.framework */ = {isa = PBXFileReference; lastKnownFileType = wrapper.framework; name = ImageIO.framework; path = System/Library/Frameworks/ImageIO.framework; sourceTree = SDKROOT; };
		20E08C5B196A8A010039F9D1 /* libc++.dylib */ = {isa = PBXFileReference; lastKnownFileType = "compiled.mach-o.dylib"; name = "libc++.dylib"; path = "usr/lib/libc++.dylib"; sourceTree = SDKROOT; };
		20E08C5D196A8A0D0039F9D1 /* libicucore.dylib */ = {isa = PBXFileReference; lastKnownFileType = "compiled.mach-o.dylib"; name = libicucore.dylib; path = usr/lib/libicucore.dylib; sourceTree = SDKROOT; };
		20E08C5F196A8A140039F9D1 /* libz.dylib */ = {isa = PBXFileReference; lastKnownFileType = "compiled.mach-o.dylib"; name = libz.dylib; path = usr/lib/libz.dylib; sourceTree = SDKROOT; };
		20E08C61196A8A1B0039F9D1 /* OpenGLES.framework */ = {isa = PBXFileReference; lastKnownFileType = wrapper.framework; name = OpenGLES.framework; path = System/Library/Frameworks/OpenGLES.framework; sourceTree = SDKROOT; };
		20E08C63196A8A230039F9D1 /* QuartzCore.framework */ = {isa = PBXFileReference; lastKnownFileType = wrapper.framework; name = QuartzCore.framework; path = System/Library/Frameworks/QuartzCore.framework; sourceTree = SDKROOT; };
		20E08C65196A8A2A0039F9D1 /* SystemConfiguration.framework */ = {isa = PBXFileReference; lastKnownFileType = wrapper.framework; name = SystemConfiguration.framework; path = System/Library/Frameworks/SystemConfiguration.framework; sourceTree = SDKROOT; };
		20E08C67196A8C070039F9D1 /* GoogleMaps.framework */ = {isa = PBXFileReference; lastKnownFileType = wrapper.framework; path = GoogleMaps.framework; sourceTree = "<group>"; };
		20E08C69196A8C6A0039F9D1 /* GoogleMaps.bundle */ = {isa = PBXFileReference; lastKnownFileType = "wrapper.plug-in"; name = GoogleMaps.bundle; path = GoogleMaps.framework/Versions/A/Resources/GoogleMaps.bundle; sourceTree = "<group>"; };
		20E08C6B196A8E730039F9D1 /* GMapViewController.h */ = {isa = PBXFileReference; fileEncoding = 4; lastKnownFileType = sourcecode.c.h; path = GMapViewController.h; sourceTree = "<group>"; };
		20E08C6C196A8E730039F9D1 /* GMapViewController.m */ = {isa = PBXFileReference; fileEncoding = 4; lastKnownFileType = sourcecode.c.objc; path = GMapViewController.m; sourceTree = "<group>"; };
/* End PBXFileReference section */

/* Begin PBXFrameworksBuildPhase section */
		20C7A7D918D182410025A470 /* Frameworks */ = {
			isa = PBXFrameworksBuildPhase;
			buildActionMask = 2147483647;
			files = (
				20902E64196BB4B700E7A31C /* MultipeerConnectivity.framework in Frameworks */,
				20E08C66196A8A2A0039F9D1 /* SystemConfiguration.framework in Frameworks */,
				20E08C64196A8A230039F9D1 /* QuartzCore.framework in Frameworks */,
				20E08C62196A8A1B0039F9D1 /* OpenGLES.framework in Frameworks */,
				20E08C60196A8A140039F9D1 /* libz.dylib in Frameworks */,
				20E08C5E196A8A0D0039F9D1 /* libicucore.dylib in Frameworks */,
				20E08C5C196A8A010039F9D1 /* libc++.dylib in Frameworks */,
				20E08C5A196A89F30039F9D1 /* ImageIO.framework in Frameworks */,
				20E08C58196A89EC0039F9D1 /* GLKit.framework in Frameworks */,
				20E08C56196A89E40039F9D1 /* CoreText.framework in Frameworks */,
				20E08C4D196A431D0039F9D1 /* CoreLocation.framework in Frameworks */,
				20E08C54196A89D20039F9D1 /* CoreData.framework in Frameworks */,
				20E08C52196A89C60039F9D1 /* AVFoundation.framework in Frameworks */,
				20C7A7E218D182410025A470 /* CoreGraphics.framework in Frameworks */,
				20C7A7E418D182410025A470 /* UIKit.framework in Frameworks */,
				20E08C68196A8C070039F9D1 /* GoogleMaps.framework in Frameworks */,
				20E08C48196A3CDC0039F9D1 /* MapKit.framework in Frameworks */,
				20C7A7E018D182410025A470 /* Foundation.framework in Frameworks */,
			);
			runOnlyForDeploymentPostprocessing = 0;
		};
		20C7A7FD18D182410025A470 /* Frameworks */ = {
			isa = PBXFrameworksBuildPhase;
			buildActionMask = 2147483647;
			files = (
				20C7A80218D182410025A470 /* XCTest.framework in Frameworks */,
				20C7A80418D182410025A470 /* UIKit.framework in Frameworks */,
				20C7A80318D182410025A470 /* Foundation.framework in Frameworks */,
			);
			runOnlyForDeploymentPostprocessing = 0;
		};
/* End PBXFrameworksBuildPhase section */

/* Begin PBXGroup section */
		20C7A7D318D182410025A470 = {
			isa = PBXGroup;
			children = (
				20204447197E7A0400E32E1D /* Bank.h */,
				20204448197E7A0400E32E1D /* Bank.m */,
				20204445197E79C800E32E1D /* data.xml */,
				20E08C4E196A88970039F9D1 /* GMapAPIKey.h */,
				20C7A81A18D19C9B0025A470 /* Quartz2DView.h */,
				20C7A81B18D19C9B0025A470 /* Quartz2DView.m */,
				2060360D19221330002C1297 /* SVInheritChild.h */,
				2060360E19221330002C1297 /* SVInheritChild.m */,
				2060360A1921FF93002C1297 /* SVInheritParent.h */,
				2060360B1921FF93002C1297 /* SVInheritParent.m */,
				20C7A7E518D182410025A470 /* sample_singleview */,
				20C7A80718D182410025A470 /* sample_singleviewTests */,
				20C7A7DE18D182410025A470 /* Frameworks */,
				20C7A7DD18D182410025A470 /* Products */,
			);
			sourceTree = "<group>";
		};
		20C7A7DD18D182410025A470 /* Products */ = {
			isa = PBXGroup;
			children = (
				20C7A7DC18D182410025A470 /* sample_singleview.app */,
				20C7A80018D182410025A470 /* sample_singleviewTests.xctest */,
			);
			name = Products;
			sourceTree = "<group>";
		};
		20C7A7DE18D182410025A470 /* Frameworks */ = {
			isa = PBXGroup;
			children = (
				20902E63196BB4B700E7A31C /* MultipeerConnectivity.framework */,
				20E08C69196A8C6A0039F9D1 /* GoogleMaps.bundle */,
				20E08C67196A8C070039F9D1 /* GoogleMaps.framework */,
				20E08C65196A8A2A0039F9D1 /* SystemConfiguration.framework */,
				20E08C63196A8A230039F9D1 /* QuartzCore.framework */,
				20E08C61196A8A1B0039F9D1 /* OpenGLES.framework */,
				20E08C5F196A8A140039F9D1 /* libz.dylib */,
				20E08C5D196A8A0D0039F9D1 /* libicucore.dylib */,
				20E08C5B196A8A010039F9D1 /* libc++.dylib */,
				20E08C59196A89F30039F9D1 /* ImageIO.framework */,
				20E08C57196A89EC0039F9D1 /* GLKit.framework */,
				20E08C55196A89E40039F9D1 /* CoreText.framework */,
				20E08C53196A89D20039F9D1 /* CoreData.framework */,
				20E08C51196A89C60039F9D1 /* AVFoundation.framework */,
				20E08C4C196A431D0039F9D1 /* CoreLocation.framework */,
				20E08C47196A3CDC0039F9D1 /* MapKit.framework */,
				20C7A7DF18D182410025A470 /* Foundation.framework */,
				20C7A7E118D182410025A470 /* CoreGraphics.framework */,
				20C7A7E318D182410025A470 /* UIKit.framework */,
				20C7A80118D182410025A470 /* XCTest.framework */,
			);
			name = Frameworks;
			sourceTree = "<group>";
		};
		20C7A7E518D182410025A470 /* sample_singleview */ = {
			isa = PBXGroup;
			children = (
				20E08C6B196A8E730039F9D1 /* GMapViewController.h */,
				20E08C6C196A8E730039F9D1 /* GMapViewController.m */,
				201B9947196D30E40068FB3E /* GMap2ViewController.h */,
				201B9948196D30E40068FB3E /* GMap2ViewController.m */,
				20E08C49196A406C0039F9D1 /* SVMapViewController.h */,
				20E08C4A196A406C0039F9D1 /* SVMapViewController.m */,
				20C7A7EE18D182410025A470 /* SVAppDelegate.h */,
				20C7A7EF18D182410025A470 /* SVAppDelegate.m */,
				20C7A7F718D182410025A470 /* SVViewController.h */,
				20C7A7F818D182410025A470 /* SVViewController.m */,
				20C7A7F118D182410025A470 /* Main_iPhone.storyboard */,
				20C7A7F418D182410025A470 /* Main_iPad.storyboard */,
				20C7A7FA18D182410025A470 /* Images.xcassets */,
				20C7A7E618D182410025A470 /* Supporting Files */,
			);
			path = sample_singleview;
			sourceTree = "<group>";
		};
		20C7A7E618D182410025A470 /* Supporting Files */ = {
			isa = PBXGroup;
			children = (
				20C7A7E718D182410025A470 /* sample_singleview-Info.plist */,
				20C7A7E818D182410025A470 /* InfoPlist.strings */,
				20C7A7EB18D182410025A470 /* main.m */,
				20C7A7ED18D182410025A470 /* sample_singleview-Prefix.pch */,
			);
			name = "Supporting Files";
			sourceTree = "<group>";
		};
		20C7A80718D182410025A470 /* sample_singleviewTests */ = {
			isa = PBXGroup;
			children = (
				20C7A80D18D182410025A470 /* sample_singleviewTests.m */,
				20C7A80818D182410025A470 /* Supporting Files */,
			);
			path = sample_singleviewTests;
			sourceTree = "<group>";
		};
		20C7A80818D182410025A470 /* Supporting Files */ = {
			isa = PBXGroup;
			children = (
				20C7A80918D182410025A470 /* sample_singleviewTests-Info.plist */,
				20C7A80A18D182410025A470 /* InfoPlist.strings */,
			);
			name = "Supporting Files";
			sourceTree = "<group>";
		};
/* End PBXGroup section */

/* Begin PBXNativeTarget section */
		20C7A7DB18D182410025A470 /* sample_singleview */ = {
			isa = PBXNativeTarget;
			buildConfigurationList = 20C7A81118D182410025A470 /* Build configuration list for PBXNativeTarget "sample_singleview" */;
			buildPhases = (
				20C7A7D818D182410025A470 /* Sources */,
				20C7A7D918D182410025A470 /* Frameworks */,
				20C7A7DA18D182410025A470 /* Resources */,
			);
			buildRules = (
			);
			dependencies = (
			);
			name = sample_singleview;
			productName = sample_singleview;
			productReference = 20C7A7DC18D182410025A470 /* sample_singleview.app */;
			productType = "com.apple.product-type.application";
		};
		20C7A7FF18D182410025A470 /* sample_singleviewTests */ = {
			isa = PBXNativeTarget;
			buildConfigurationList = 20C7A81418D182410025A470 /* Build configuration list for PBXNativeTarget "sample_singleviewTests" */;
			buildPhases = (
				20C7A7FC18D182410025A470 /* Sources */,
				20C7A7FD18D182410025A470 /* Frameworks */,
				20C7A7FE18D182410025A470 /* Resources */,
			);
			buildRules = (
			);
			dependencies = (
				20C7A80618D182410025A470 /* PBXTargetDependency */,
			);
			name = sample_singleviewTests;
			productName = sample_singleviewTests;
			productReference = 20C7A80018D182410025A470 /* sample_singleviewTests.xctest */;
			productType = "com.apple.product-type.bundle.unit-test";
		};
/* End PBXNativeTarget section */

/* Begin PBXProject section */
		20C7A7D418D182410025A470 /* Project object */ = {
			isa = PBXProject;
			attributes = {
				CLASSPREFIX = SV;
				LastUpgradeCheck = 0510;
				ORGANIZATIONNAME = EvanLin;
				TargetAttributes = {
					20C7A7DB18D182410025A470 = {
						SystemCapabilities = {
							com.apple.iOS = {
								enabled = 1;
							};
						};
					};
					20C7A7FF18D182410025A470 = {
						TestTargetID = 20C7A7DB18D182410025A470;
					};
				};
			};
			buildConfigurationList = 20C7A7D718D182410025A470 /* Build configuration list for PBXProject "sample_singleview" */;
			compatibilityVersion = "Xcode 3.2";
			developmentRegion = English;
			hasScannedForEncodings = 0;
			knownRegions = (
				en,
				Base,
			);
			mainGroup = 20C7A7D318D182410025A470;
			productRefGroup = 20C7A7DD18D182410025A470 /* Products */;
			projectDirPath = "";
			projectRoot = "";
			targets = (
				20C7A7DB18D182410025A470 /* sample_singleview */,
				20C7A7FF18D182410025A470 /* sample_singleviewTests */,
			);
		};
/* End PBXProject section */

/* Begin PBXResourcesBuildPhase section */
		20C7A7DA18D182410025A470 /* Resources */ = {
			isa = PBXResourcesBuildPhase;
			buildActionMask = 2147483647;
			files = (
				20C7A7F618D182410025A470 /* Main_iPad.storyboard in Resources */,
				20C7A7FB18D182410025A470 /* Images.xcassets in Resources */,
				20C7A7F318D182410025A470 /* Main_iPhone.storyboard in Resources */,
				20204446197E79C800E32E1D /* data.xml in Resources */,
				20C7A7EA18D182410025A470 /* InfoPlist.strings in Resources */,
				20E08C6A196A8C6A0039F9D1 /* GoogleMaps.bundle in Resources */,
			);
			runOnlyForDeploymentPostprocessing = 0;
		};
		20C7A7FE18D182410025A470 /* Resources */ = {
			isa = PBXResourcesBuildPhase;
			buildActionMask = 2147483647;
			files = (
				20C7A80C18D182410025A470 /* InfoPlist.strings in Resources */,
			);
			runOnlyForDeploymentPostprocessing = 0;
		};
/* End PBXResourcesBuildPhase section */

/* Begin PBXSourcesBuildPhase section */
		20C7A7D818D182410025A470 /* Sources */ = {
			isa = PBXSourcesBuildPhase;
			buildActionMask = 2147483647;
			files = (
				2060360C1921FF93002C1297 /* SVInheritParent.m in Sources */,
				2060360F19221330002C1297 /* SVInheritChild.m in Sources */,
				201B9949196D30E40068FB3E /* GMap2ViewController.m in Sources */,
				20C7A7F918D182410025A470 /* SVViewController.m in Sources */,
				20E08C6D196A8E730039F9D1 /* GMapViewController.m in Sources */,
				20204449197E7A0400E32E1D /* Bank.m in Sources */,
				20C7A81C18D19C9B0025A470 /* Quartz2DView.m in Sources */,
				20C7A7EC18D182410025A470 /* main.m in Sources */,
				20E08C4B196A406C0039F9D1 /* SVMapViewController.m in Sources */,
				20C7A7F018D182410025A470 /* SVAppDelegate.m in Sources */,
			);
			runOnlyForDeploymentPostprocessing = 0;
		};
		20C7A7FC18D182410025A470 /* Sources */ = {
			isa = PBXSourcesBuildPhase;
			buildActionMask = 2147483647;
			files = (
				20C7A80E18D182410025A470 /* sample_singleviewTests.m in Sources */,
			);
			runOnlyForDeploymentPostprocessing = 0;
		};
/* End PBXSourcesBuildPhase section */

/* Begin PBXTargetDependency section */
		20C7A80618D182410025A470 /* PBXTargetDependency */ = {
			isa = PBXTargetDependency;
			target = 20C7A7DB18D182410025A470 /* sample_singleview */;
			targetProxy = 20C7A80518D182410025A470 /* PBXContainerItemProxy */;
		};
/* End PBXTargetDependency section */

/* Begin PBXVariantGroup section */
		20C7A7E818D182410025A470 /* InfoPlist.strings */ = {
			isa = PBXVariantGroup;
			children = (
				20C7A7E918D182410025A470 /* en */,
			);
			name = InfoPlist.strings;
			sourceTree = "<group>";
		};
		20C7A7F118D182410025A470 /* Main_iPhone.storyboard */ = {
			isa = PBXVariantGroup;
			children = (
				20C7A7F218D182410025A470 /* Base */,
			);
			name = Main_iPhone.storyboard;
			sourceTree = "<group>";
		};
		20C7A7F418D182410025A470 /* Main_iPad.storyboard */ = {
			isa = PBXVariantGroup;
			children = (
				20C7A7F518D182410025A470 /* Base */,
			);
			name = Main_iPad.storyboard;
			sourceTree = "<group>";
		};
		20C7A80A18D182410025A470 /* InfoPlist.strings */ = {
			isa = PBXVariantGroup;
			children = (
				20C7A80B18D182410025A470 /* en */,
			);
			name = InfoPlist.strings;
			sourceTree = "<group>";
		};
/* End PBXVariantGroup section */

/* Begin XCBuildConfiguration section */
		20C7A80F18D182410025A470 /* Debug */ = {
			isa = XCBuildConfiguration;
			buildSettings = {
				ALWAYS_SEARCH_USER_PATHS = NO;
				CLANG_CXX_LANGUAGE_STANDARD = "gnu++0x";
				CLANG_CXX_LIBRARY = "libc++";
				CLANG_ENABLE_MODULES = YES;
				CLANG_ENABLE_OBJC_ARC = YES;
				CLANG_WARN_BOOL_CONVERSION = YES;
				CLANG_WARN_CONSTANT_CONVERSION = YES;
				CLANG_WARN_DIRECT_OBJC_ISA_USAGE = YES_ERROR;
				CLANG_WARN_EMPTY_BODY = YES;
				CLANG_WARN_ENUM_CONVERSION = YES;
				CLANG_WARN_INT_CONVERSION = YES;
				CLANG_WARN_OBJC_ROOT_CLASS = YES_ERROR;
				CLANG_WARN__DUPLICATE_METHOD_MATCH = YES;
				"CODE_SIGN_IDENTITY[sdk=iphoneos*]" = "iPhone Developer";
				COPY_PHASE_STRIP = NO;
				GCC_C_LANGUAGE_STANDARD = gnu99;
				GCC_DYNAMIC_NO_PIC = NO;
				GCC_OPTIMIZATION_LEVEL = 0;
				GCC_PREPROCESSOR_DEFINITIONS = (
					"DEBUG=1",
					"$(inherited)",
				);
				GCC_SYMBOLS_PRIVATE_EXTERN = NO;
				GCC_WARN_64_TO_32_BIT_CONVERSION = YES;
				GCC_WARN_ABOUT_RETURN_TYPE = YES_ERROR;
				GCC_WARN_UNDECLARED_SELECTOR = YES;
				GCC_WARN_UNINITIALIZED_AUTOS = YES_AGGRESSIVE;
				GCC_WARN_UNUSED_FUNCTION = YES;
				GCC_WARN_UNUSED_VARIABLE = YES;
				IPHONEOS_DEPLOYMENT_TARGET = 7.1;
				ONLY_ACTIVE_ARCH = YES;
				SDKROOT = iphoneos;
				TARGETED_DEVICE_FAMILY = "1,2";
			};
			name = Debug;
		};
		20C7A81018D182410025A470 /* Release */ = {
			isa = XCBuildConfiguration;
			buildSettings = {
				ALWAYS_SEARCH_USER_PATHS = NO;
				CLANG_CXX_LANGUAGE_STANDARD = "gnu++0x";
				CLANG_CXX_LIBRARY = "libc++";
				CLANG_ENABLE_MODULES = YES;
				CLANG_ENABLE_OBJC_ARC = YES;
				CLANG_WARN_BOOL_CONVERSION = YES;
				CLANG_WARN_CONSTANT_CONVERSION = YES;
				CLANG_WARN_DIRECT_OBJC_ISA_USAGE = YES_ERROR;
				CLANG_WARN_EMPTY_BODY = YES;
				CLANG_WARN_ENUM_CONVERSION = YES;
				CLANG_WARN_INT_CONVERSION = YES;
				CLANG_WARN_OBJC_ROOT_CLASS = YES_ERROR;
				CLANG_WARN__DUPLICATE_METHOD_MATCH = YES;
				"CODE_SIGN_IDENTITY[sdk=iphoneos*]" = "iPhone Developer";
				COPY_PHASE_STRIP = YES;
				ENABLE_NS_ASSERTIONS = NO;
				GCC_C_LANGUAGE_STANDARD = gnu99;
				GCC_WARN_64_TO_32_BIT_CONVERSION = YES;
				GCC_WARN_ABOUT_RETURN_TYPE = YES_ERROR;
				GCC_WARN_UNDECLARED_SELECTOR = YES;
				GCC_WARN_UNINITIALIZED_AUTOS = YES_AGGRESSIVE;
				GCC_WARN_UNUSED_FUNCTION = YES;
				GCC_WARN_UNUSED_VARIABLE = YES;
				IPHONEOS_DEPLOYMENT_TARGET = 7.1;
				SDKROOT = iphoneos;
				TARGETED_DEVICE_FAMILY = "1,2";
				VALIDATE_PRODUCT = YES;
			};
			name = Release;
		};
		20C7A81218D182410025A470 /* Debug */ = {
			isa = XCBuildConfiguration;
			buildSettings = {
				ASSETCATALOG_COMPILER_APPICON_NAME = AppIcon;
				ASSETCATALOG_COMPILER_LAUNCHIMAGE_NAME = LaunchImage;
				FRAMEWORK_SEARCH_PATHS = (
					"$(inherited)",
					"$(PROJECT_DIR)",
				);
				GCC_PRECOMPILE_PREFIX_HEADER = YES;
				GCC_PREFIX_HEADER = "sample_singleview/sample_singleview-Prefix.pch";
				INFOPLIST_FILE = "sample_singleview/sample_singleview-Info.plist";
				OTHER_LDFLAGS = "-ObjC";
				PRODUCT_NAME = "$(TARGET_NAME)";
				WRAPPER_EXTENSION = app;
			};
			name = Debug;
		};
		20C7A81318D182410025A470 /* Release */ = {
			isa = XCBuildConfiguration;
			buildSettings = {
				ASSETCATALOG_COMPILER_APPICON_NAME = AppIcon;
				ASSETCATALOG_COMPILER_LAUNCHIMAGE_NAME = LaunchImage;
				FRAMEWORK_SEARCH_PATHS = (
					"$(inherited)",
					"$(PROJECT_DIR)",
				);
				GCC_PRECOMPILE_PREFIX_HEADER = YES;
				GCC_PREFIX_HEADER = "sample_singleview/sample_singleview-Prefix.pch";
				INFOPLIST_FILE = "sample_singleview/sample_singleview-Info.plist";
				OTHER_LDFLAGS = "-ObjC";
				PRODUCT_NAME = "$(TARGET_NAME)";
				WRAPPER_EXTENSION = app;
			};
			name = Release;
		};
		20C7A81518D182410025A470 /* Debug */ = {
			isa = XCBuildConfiguration;
			buildSettings = {
				BUNDLE_LOADER = "$(BUILT_PRODUCTS_DIR)/sample_singleview.app/sample_singleview";
				FRAMEWORK_SEARCH_PATHS = (
					"$(SDKROOT)/Developer/Library/Frameworks",
					"$(inherited)",
					"$(DEVELOPER_FRAMEWORKS_DIR)",
				);
				GCC_PRECOMPILE_PREFIX_HEADER = YES;
				GCC_PREFIX_HEADER = "sample_singleview/sample_singleview-Prefix.pch";
				GCC_PREPROCESSOR_DEFINITIONS = (
					"DEBUG=1",
					"$(inherited)",
				);
				INFOPLIST_FILE = "sample_singleviewTests/sample_singleviewTests-Info.plist";
				PRODUCT_NAME = "$(TARGET_NAME)";
				TEST_HOST = "$(BUNDLE_LOADER)";
				WRAPPER_EXTENSION = xctest;
			};
			name = Debug;
		};
		20C7A81618D182410025A470 /* Release */ = {
			isa = XCBuildConfiguration;
			buildSettings = {
				BUNDLE_LOADER = "$(BUILT_PRODUCTS_DIR)/sample_singleview.app/sample_singleview";
				FRAMEWORK_SEARCH_PATHS = (
					"$(SDKROOT)/Developer/Library/Frameworks",
					"$(inherited)",
					"$(DEVELOPER_FRAMEWORKS_DIR)",
				);
				GCC_PRECOMPILE_PREFIX_HEADER = YES;
				GCC_PREFIX_HEADER = "sample_singleview/sample_singleview-Prefix.pch";
				INFOPLIST_FILE = "sample_singleviewTests/sample_singleviewTests-Info.plist";
				PRODUCT_NAME = "$(TARGET_NAME)";
				TEST_HOST = "$(BUNDLE_LOADER)";
				WRAPPER_EXTENSION = xctest;
			};
			name = Release;
		};
/* End XCBuildConfiguration section */

/* Begin XCConfigurationList section */
		20C7A7D718D182410025A470 /* Build configuration list for PBXProject "sample_singleview" */ = {
			isa = XCConfigurationList;
			buildConfigurations = (
				20C7A80F18D182410025A470 /* Debug */,
				20C7A81018D182410025A470 /* Release */,
			);
			defaultConfigurationIsVisible = 0;
			defaultConfigurationName = Release;
		};
		20C7A81118D182410025A470 /* Build configuration list for PBXNativeTarget "sample_singleview" */ = {
			isa = XCConfigurationList;
			buildConfigurations = (
				20C7A81218D182410025A470 /* Debug */,
				20C7A81318D182410025A470 /* Release */,
			);
			defaultConfigurationIsVisible = 0;
			defaultConfigurationName = Release;
		};
		20C7A81418D182410025A470 /* Build configuration list for PBXNativeTarget "sample_singleviewTests" */ = {
			isa = XCConfigurationList;
			buildConfigurations = (
				20C7A81518D182410025A470 /* Debug */,
				20C7A81618D182410025A470 /* Release */,
			);
			defaultConfigurationIsVisible = 0;
			defaultConfigurationName = Release;
		};
/* End XCConfigurationList section */
	};
	rootObject = 20C7A7D418D182410025A470 /* Project object */;
}
